# THIS IS AN AUTOGENERATED FILE. DO NOT EDIT THIS FILE DIRECTLY.
# yarn lockfile v1


"@codemirror/rangeset@^0.19.5":
  version "0.19.9"
  resolved "https://domoreexp.pkgs.visualstudio.com/_packaging/npm-mirror/npm/registry/@codemirror/rangeset/-/rangeset-0.19.9.tgz#e80895de93c39dc7899f5be31d368c9d88aa4efc"
  integrity sha1-6AiV3pPDnceJn1vjHTaMnYiqTvw=
  dependencies:
    "@codemirror/state" "^0.19.0"

"@codemirror/state@^0.19.0", "@codemirror/state@^0.19.3", "@codemirror/state@^0.19.6":
  version "0.19.9"
  resolved "https://domoreexp.pkgs.visualstudio.com/_packaging/npm-mirror/npm/registry/@codemirror/state/-/state-0.19.9.tgz#b797f9fbc204d6dc7975485e231693c09001b0dd"
  integrity sha1-t5f5+8IE1tx5dUheIxaTwJABsN0=
  dependencies:
    "@codemirror/text" "^0.19.0"

"@codemirror/text@^0.19.0":
  version "0.19.6"
  resolved "https://domoreexp.pkgs.visualstudio.com/_packaging/npm-mirror/npm/registry/@codemirror/text/-/text-0.19.6.tgz#9adcbd8137f69b75518eacd30ddb16fd67bbac45"
  integrity sha1-mty9gTf2m3VRjqzTDdsW/We7rEU=

"@codemirror/view@^0.19.31":
  version "0.19.48"
  resolved "https://domoreexp.pkgs.visualstudio.com/_packaging/npm-mirror/npm/registry/@codemirror/view/-/view-0.19.48.tgz#1c657e2b0f8ed896ac6448d6e2215ab115e2a0fc"
  integrity sha1-HGV+Kw+O2JasZEjW4iFasRXioPw=
  dependencies:
    "@codemirror/rangeset" "^0.19.5"
    "@codemirror/state" "^0.19.3"
    "@codemirror/text" "^0.19.0"
    style-mod "^4.0.0"
    w3c-keyname "^2.2.4"

"@eslint-community/eslint-utils@^4.2.0":
  version "4.4.0"
  resolved "https://domoreexp.pkgs.visualstudio.com/_packaging/npm-mirror/npm/registry/@eslint-community/eslint-utils/-/eslint-utils-4.4.0.tgz#a23514e8fb9af1269d5f7788aa556798d61c6b59"
  integrity sha1-ojUU6Pua8SadX3eIqlVnmNYca1k=
  dependencies:
    eslint-visitor-keys "^3.3.0"

"@eslint-community/regexpp@^4.4.0":
  version "4.5.1"
  resolved "https://domoreexp.pkgs.visualstudio.com/_packaging/npm-mirror/npm/registry/@eslint-community/regexpp/-/regexpp-4.5.1.tgz#cdd35dce4fa1a89a4fd42b1599eb35b3af408884"
  integrity sha1-zdNdzk+hqJpP1CsVmes1s69AiIQ=

"@nodelib/fs.scandir@2.1.5":
  version "2.1.5"
  resolved "https://domoreexp.pkgs.visualstudio.com/_packaging/npm-mirror/npm/registry/@nodelib/fs.scandir/-/fs.scandir-2.1.5.tgz#7619c2eb21b25483f6d167548b4cfd5a7488c3d5"
  integrity sha1-dhnC6yGyVIP20WdUi0z9WnSIw9U=
  dependencies:
    "@nodelib/fs.stat" "2.0.5"
    run-parallel "^1.1.9"

"@nodelib/fs.stat@2.0.5", "@nodelib/fs.stat@^2.0.2":
  version "2.0.5"
  resolved "https://domoreexp.pkgs.visualstudio.com/_packaging/npm-mirror/npm/registry/@nodelib/fs.stat/-/fs.stat-2.0.5.tgz#5bd262af94e9d25bd1e71b05deed44876a222e8b"
  integrity sha1-W9Jir5Tp0lvR5xsF3u1Eh2oiLos=

"@nodelib/fs.walk@^1.2.3":
  version "1.2.8"
  resolved "https://domoreexp.pkgs.visualstudio.com/_packaging/npm-mirror/npm/registry/@nodelib/fs.walk/-/fs.walk-1.2.8.tgz#e95737e8bb6746ddedf69c556953494f196fe69a"
  integrity sha1-6Vc36LtnRt3t9pxVaVNJTxlv5po=
  dependencies:
    "@nodelib/fs.scandir" "2.1.5"
    fastq "^1.6.0"

"@types/codemirror@0.0.108":
  version "0.0.108"
  resolved "https://domoreexp.pkgs.visualstudio.com/_packaging/npm-mirror/npm/registry/@types/codemirror/-/codemirror-0.0.108.tgz#e640422b666bf49251b384c390cdeb2362585bde"
  integrity sha1-5kBCK2Zr9JJRs4TDkM3rI2JYW94=
  dependencies:
    "@types/tern" "*"

"@types/estree@*":
  version "1.0.1"
  resolved "https://domoreexp.pkgs.visualstudio.com/_packaging/npm-mirror/npm/registry/@types/estree/-/estree-1.0.1.tgz#aa22750962f3bf0e79d753d3cc067f010c95f194"
  integrity sha1-qiJ1CWLzvw5511PTzAZ/AQyV8ZQ=

"@types/json-schema@^7.0.9":
  version "7.0.11"
  resolved "https://domoreexp.pkgs.visualstudio.com/_packaging/npm-mirror/npm/registry/@types/json-schema/-/json-schema-7.0.11.tgz#d421b6c527a3037f7c84433fd2c4229e016863d3"
  integrity sha1-1CG2xSejA398hEM/0sQingFoY9M=

"@types/luxon@^2.3.0":
  version "2.4.0"
  resolved "https://domoreexp.pkgs.visualstudio.com/_packaging/npm-mirror/npm/registry/@types/luxon/-/luxon-2.4.0.tgz#897d3abc23b68d78b69d76a12c21e01eb5adab95"
  integrity sha1-iX06vCO2jXi2nXahLCHgHrWtq5U=

"@types/node@^16.11.6":
  version "16.18.25"
  resolved "https://domoreexp.pkgs.visualstudio.com/_packaging/npm-mirror/npm/registry/@types/node/-/node-16.18.25.tgz#8863940fefa1234d3fcac7a4b7a48a6c992d67af"
  integrity sha1-iGOUD++hI00/ysekt6SKbJktZ68=

"@types/prop-types@*":
  version "15.7.5"
  resolved "https://domoreexp.pkgs.visualstudio.com/_packaging/npm-mirror/npm/registry/@types/prop-types/-/prop-types-15.7.5.tgz#5f19d2b85a98e9558036f6a3cacc8819420f05cf"
  integrity sha1-XxnSuFqY6VWANvajysyIGUIPBc8=

"@types/react-dom@^18.2.1":
  version "18.2.1"
  resolved "https://registry.yarnpkg.com/@types/react-dom/-/react-dom-18.2.1.tgz#663b2612feb5f6431a70207430d7c04881b87f29"
  integrity sha512-8QZEV9+Kwy7tXFmjJrp3XUKQSs9LTnE0KnoUb0YCguWBiNW0Yfb2iBMYZ08WPg35IR6P3Z0s00B15SwZnO26+w==
  dependencies:
    "@types/react" "*"

"@types/react@*", "@types/react@^18.2.0":
  version "18.2.0"
  resolved "https://registry.yarnpkg.com/@types/react/-/react-18.2.0.tgz#15cda145354accfc09a18d2f2305f9fc099ada21"
  integrity sha512-0FLj93y5USLHdnhIhABk83rm8XEGA7kH3cr+YUlvxoUGp1xNt/DINUMvqPxLyOQMzLmZe8i4RTHbvb8MC7NmrA==
  dependencies:
    "@types/prop-types" "*"
    "@types/scheduler" "*"
    csstype "^3.0.2"

"@types/scheduler@*":
  version "0.16.3"
  resolved "https://domoreexp.pkgs.visualstudio.com/_packaging/npm-mirror/npm/registry/@types/scheduler/-/scheduler-0.16.3.tgz#cef09e3ec9af1d63d2a6cc5b383a737e24e6dcf5"
  integrity sha1-zvCePsmvHWPSpsxbODpzfiTm3PU=

"@types/semver@^7.3.12":
  version "7.3.13"
  resolved "https://domoreexp.pkgs.visualstudio.com/_packaging/npm-mirror/npm/registry/@types/semver/-/semver-7.3.13.tgz#da4bfd73f49bd541d28920ab0e2bf0ee80f71c91"
  integrity sha1-2kv9c/Sb1UHSiSCrDivw7oD3HJE=

"@types/tern@*":
  version "0.23.4"
  resolved "https://domoreexp.pkgs.visualstudio.com/_packaging/npm-mirror/npm/registry/@types/tern/-/tern-0.23.4.tgz#03926eb13dbeaf3ae0d390caf706b2643a0127fb"
  integrity sha1-A5JusT2+rzrg05DK9wayZDoBJ/s=
  dependencies:
    "@types/estree" "*"

"@typescript-eslint/eslint-plugin@^5.2.0":
  version "5.59.2"
  resolved "https://domoreexp.pkgs.visualstudio.com/_packaging/npm-mirror/npm/registry/@typescript-eslint/eslint-plugin/-/eslint-plugin-5.59.2.tgz#684a2ce7182f3b4dac342eef7caa1c2bae476abd"
  integrity sha1-aEos5xgvO02sNC7vfKocK65Har0=
  dependencies:
    "@eslint-community/regexpp" "^4.4.0"
    "@typescript-eslint/scope-manager" "5.59.2"
    "@typescript-eslint/type-utils" "5.59.2"
    "@typescript-eslint/utils" "5.59.2"
    debug "^4.3.4"
    grapheme-splitter "^1.0.4"
    ignore "^5.2.0"
    natural-compare-lite "^1.4.0"
    semver "^7.3.7"
    tsutils "^3.21.0"

"@typescript-eslint/parser@^5.2.0":
  version "5.59.2"
  resolved "https://domoreexp.pkgs.visualstudio.com/_packaging/npm-mirror/npm/registry/@typescript-eslint/parser/-/parser-5.59.2.tgz#c2c443247901d95865b9f77332d9eee7c55655e8"
  integrity sha1-wsRDJHkB2VhlufdzMtnu58VWVeg=
  dependencies:
    "@typescript-eslint/scope-manager" "5.59.2"
    "@typescript-eslint/types" "5.59.2"
    "@typescript-eslint/typescript-estree" "5.59.2"
    debug "^4.3.4"

"@typescript-eslint/scope-manager@5.59.2":
  version "5.59.2"
  resolved "https://domoreexp.pkgs.visualstudio.com/_packaging/npm-mirror/npm/registry/@typescript-eslint/scope-manager/-/scope-manager-5.59.2.tgz#f699fe936ee4e2c996d14f0fdd3a7da5ba7b9a4c"
  integrity sha1-9pn+k27k4smW0U8P3Tp9pbp7mkw=
  dependencies:
    "@typescript-eslint/types" "5.59.2"
    "@typescript-eslint/visitor-keys" "5.59.2"

"@typescript-eslint/type-utils@5.59.2":
  version "5.59.2"
  resolved "https://domoreexp.pkgs.visualstudio.com/_packaging/npm-mirror/npm/registry/@typescript-eslint/type-utils/-/type-utils-5.59.2.tgz#0729c237503604cd9a7084b5af04c496c9a4cdcf"
  integrity sha1-BynCN1A2BM2acIS1rwTElsmkzc8=
  dependencies:
    "@typescript-eslint/typescript-estree" "5.59.2"
    "@typescript-eslint/utils" "5.59.2"
    debug "^4.3.4"
    tsutils "^3.21.0"

"@typescript-eslint/types@5.59.2":
  version "5.59.2"
  resolved "https://domoreexp.pkgs.visualstudio.com/_packaging/npm-mirror/npm/registry/@typescript-eslint/types/-/types-5.59.2.tgz#b511d2b9847fe277c5cb002a2318bd329ef4f655"
  integrity sha1-tRHSuYR/4nfFywAqIxi9Mp709lU=

"@typescript-eslint/typescript-estree@5.59.2":
  version "5.59.2"
  resolved "https://domoreexp.pkgs.visualstudio.com/_packaging/npm-mirror/npm/registry/@typescript-eslint/typescript-estree/-/typescript-estree-5.59.2.tgz#6e2fabd3ba01db5d69df44e0b654c0b051fe9936"
  integrity sha1-bi+r07oB211p30TgtlTAsFH+mTY=
  dependencies:
    "@typescript-eslint/types" "5.59.2"
    "@typescript-eslint/visitor-keys" "5.59.2"
    debug "^4.3.4"
    globby "^11.1.0"
    is-glob "^4.0.3"
    semver "^7.3.7"
    tsutils "^3.21.0"

"@typescript-eslint/utils@5.59.2":
  version "5.59.2"
  resolved "https://domoreexp.pkgs.visualstudio.com/_packaging/npm-mirror/npm/registry/@typescript-eslint/utils/-/utils-5.59.2.tgz#0c45178124d10cc986115885688db6abc37939f4"
  integrity sha1-DEUXgSTRDMmGEViFaI22q8N5OfQ=
  dependencies:
    "@eslint-community/eslint-utils" "^4.2.0"
    "@types/json-schema" "^7.0.9"
    "@types/semver" "^7.3.12"
    "@typescript-eslint/scope-manager" "5.59.2"
    "@typescript-eslint/types" "5.59.2"
    "@typescript-eslint/typescript-estree" "5.59.2"
    eslint-scope "^5.1.1"
    semver "^7.3.7"

"@typescript-eslint/visitor-keys@5.59.2":
  version "5.59.2"
  resolved "https://domoreexp.pkgs.visualstudio.com/_packaging/npm-mirror/npm/registry/@typescript-eslint/visitor-keys/-/visitor-keys-5.59.2.tgz#37a419dc2723a3eacbf722512b86d6caf7d3b750"
  integrity sha1-N6QZ3Ccjo+rL9yJRK4bWyvfTt1A=
  dependencies:
    "@typescript-eslint/types" "5.59.2"
    eslint-visitor-keys "^3.3.0"

array-union@^2.1.0:
  version "2.1.0"
  resolved "https://domoreexp.pkgs.visualstudio.com/_packaging/npm-mirror/npm/registry/array-union/-/array-union-2.1.0.tgz#b798420adbeb1de828d84acd8a2e23d3efe85e8d"
  integrity sha1-t5hCCtvrHego2ErNii4j0+/oXo0=

braces@^3.0.2:
  version "3.0.2"
  resolved "https://domoreexp.pkgs.visualstudio.com/_packaging/npm-mirror/npm/registry/braces/-/braces-3.0.2.tgz#3454e1a462ee8d599e236df336cd9ea4f8afe107"
  integrity sha1-NFThpGLujVmeI23zNs2epPiv4Qc=
  dependencies:
    fill-range "^7.0.1"

builtin-modules@^3.2.0:
  version "3.3.0"
  resolved "https://domoreexp.pkgs.visualstudio.com/_packaging/npm-mirror/npm/registry/builtin-modules/-/builtin-modules-3.3.0.tgz#cae62812b89801e9656336e46223e030386be7b6"
  integrity sha1-yuYoEriYAellYzbkYiPgMDhr57Y=

chrono-node@^2.3.8:
  version "2.6.3"
  resolved "https://domoreexp.pkgs.visualstudio.com/_packaging/npm-mirror/npm/registry/chrono-node/-/chrono-node-2.6.3.tgz#fa257cffb2dfc33fa5a01b26bd86f93741ca6dc5"
  integrity sha1-+iV8/7Lfwz+loBsmvYb5N0HKbcU=
  dependencies:
    dayjs "^1.10.0"

csstype@^3.0.2:
  version "3.1.2"
  resolved "https://domoreexp.pkgs.visualstudio.com/_packaging/npm-mirror/npm/registry/csstype/-/csstype-3.1.2.tgz#1d4bf9d572f11c14031f0436e1c10bc1f571f50b"
  integrity sha1-HUv51XLxHBQDHwQ24cELwfVx9Qs=

dayjs@^1.10.0:
  version "1.11.7"
  resolved "https://domoreexp.pkgs.visualstudio.com/_packaging/npm-mirror/npm/registry/dayjs/-/dayjs-1.11.7.tgz#4b296922642f70999544d1144a2c25730fce63e2"
  integrity sha1-SylpImQvcJmVRNEUSiwlcw/OY+I=

debug@^4.3.4:
  version "4.3.4"
  resolved "https://domoreexp.pkgs.visualstudio.com/_packaging/npm-mirror/npm/registry/debug/-/debug-4.3.4.tgz#1319f6579357f2338d3337d2cdd4914bb5dcc865"
  integrity sha1-Exn2V5NX8jONMzfSzdSRS7XcyGU=
  dependencies:
    ms "2.1.2"

dir-glob@^3.0.1:
  version "3.0.1"
  resolved "https://domoreexp.pkgs.visualstudio.com/_packaging/npm-mirror/npm/registry/dir-glob/-/dir-glob-3.0.1.tgz#56dbf73d992a4a93ba1584f4534063fd2e41717f"
  integrity sha1-Vtv3PZkqSpO6FYT0U0Bj/S5BcX8=
  dependencies:
    path-type "^4.0.0"

esbuild-android-arm64@0.13.12:
  version "0.13.12"
  resolved "https://domoreexp.pkgs.visualstudio.com/_packaging/npm-mirror/npm/registry/esbuild-android-arm64/-/esbuild-android-arm64-0.13.12.tgz#e1f199dc05405cdc6670c00fb6c793822bf8ae4c"
  integrity sha1-4fGZ3AVAXNxmcMAPtseTgiv4rkw=

esbuild-darwin-64@0.13.12:
  version "0.13.12"
  resolved "https://domoreexp.pkgs.visualstudio.com/_packaging/npm-mirror/npm/registry/esbuild-darwin-64/-/esbuild-darwin-64-0.13.12.tgz#f5c59e622955c01f050e5a7ac9c1d41db714b94d"
  integrity sha1-9cWeYilVwB8FDlp6ycHUHbcUuU0=

esbuild-darwin-arm64@0.13.12:
  version "0.13.12"
  resolved "https://domoreexp.pkgs.visualstudio.com/_packaging/npm-mirror/npm/registry/esbuild-darwin-arm64/-/esbuild-darwin-arm64-0.13.12.tgz#8abae74c2956a8aa568fc52c78829338c4a4b988"
  integrity sha1-irrnTClWqKpWj8UseIKTOMSkuYg=

esbuild-freebsd-64@0.13.12:
  version "0.13.12"
  resolved "https://domoreexp.pkgs.visualstudio.com/_packaging/npm-mirror/npm/registry/esbuild-freebsd-64/-/esbuild-freebsd-64-0.13.12.tgz#6ad2ab8c0364ee7dd2d6e324d876a8e60ae75d12"
  integrity sha1-atKrjANk7n3S1uMk2Hao5grnXRI=

esbuild-freebsd-arm64@0.13.12:
  version "0.13.12"
  resolved "https://domoreexp.pkgs.visualstudio.com/_packaging/npm-mirror/npm/registry/esbuild-freebsd-arm64/-/esbuild-freebsd-arm64-0.13.12.tgz#6f38155f4c300ac4c8adde1fde3cc6a4440a8294"
  integrity sha1-bzgVX0wwCsTIrd4f3jzGpEQKgpQ=

esbuild-linux-32@0.13.12:
  version "0.13.12"
  resolved "https://domoreexp.pkgs.visualstudio.com/_packaging/npm-mirror/npm/registry/esbuild-linux-32/-/esbuild-linux-32-0.13.12.tgz#b1d15e330188a8c21de75c3f0058628a3eefade7"
  integrity sha1-sdFeMwGIqMId51w/AFhiij7vrec=

esbuild-linux-64@0.13.12:
  version "0.13.12"
  resolved "https://domoreexp.pkgs.visualstudio.com/_packaging/npm-mirror/npm/registry/esbuild-linux-64/-/esbuild-linux-64-0.13.12.tgz#25bd64b66162b02348e32d8f12e4c9ee61f1d070"
  integrity sha1-Jb1ktmFisCNI4y2PEuTJ7mHx0HA=

esbuild-linux-arm64@0.13.12:
  version "0.13.12"
  resolved "https://domoreexp.pkgs.visualstudio.com/_packaging/npm-mirror/npm/registry/esbuild-linux-arm64/-/esbuild-linux-arm64-0.13.12.tgz#ba582298457cc5c9ac823a275de117620c06537f"
  integrity sha1-ulgimEV8xcmsgjonXeEXYgwGU38=

esbuild-linux-arm@0.13.12:
  version "0.13.12"
  resolved "https://domoreexp.pkgs.visualstudio.com/_packaging/npm-mirror/npm/registry/esbuild-linux-arm/-/esbuild-linux-arm-0.13.12.tgz#6bc81c957bff22725688cc6359c29a25765be09b"
  integrity sha1-a8gclXv/InJWiMxjWcKaJXZb4Js=

esbuild-linux-mips64le@0.13.12:
  version "0.13.12"
  resolved "https://domoreexp.pkgs.visualstudio.com/_packaging/npm-mirror/npm/registry/esbuild-linux-mips64le/-/esbuild-linux-mips64le-0.13.12.tgz#ef3c4aba3e585d847cbade5945a8b4a5c62c7ce2"
  integrity sha1-7zxKuj5YXYR8ut5ZRai0pcYsfOI=

esbuild-linux-ppc64le@0.13.12:
  version "0.13.12"
  resolved "https://domoreexp.pkgs.visualstudio.com/_packaging/npm-mirror/npm/registry/esbuild-linux-ppc64le/-/esbuild-linux-ppc64le-0.13.12.tgz#a21fb64e80c38bef06122e48283990fc6db578e1"
  integrity sha1-oh+2ToDDi+8GEi5IKDmQ/G21eOE=

esbuild-netbsd-64@0.13.12:
  version "0.13.12"
  resolved "https://domoreexp.pkgs.visualstudio.com/_packaging/npm-mirror/npm/registry/esbuild-netbsd-64/-/esbuild-netbsd-64-0.13.12.tgz#1ea7fc8cfce88a20a4047b867ef184049a6641ae"
  integrity sha1-Hqf8jPzoiiCkBHuGfvGEBJpmQa4=

esbuild-openbsd-64@0.13.12:
  version "0.13.12"
  resolved "https://domoreexp.pkgs.visualstudio.com/_packaging/npm-mirror/npm/registry/esbuild-openbsd-64/-/esbuild-openbsd-64-0.13.12.tgz#adde32f2f1b05dc4bd4fc544d6ea5a4379f9ca4d"
  integrity sha1-rd4y8vGwXcS9T8VE1upaQ3n5yk0=

esbuild-sunos-64@0.13.12:
  version "0.13.12"
  resolved "https://domoreexp.pkgs.visualstudio.com/_packaging/npm-mirror/npm/registry/esbuild-sunos-64/-/esbuild-sunos-64-0.13.12.tgz#a7ecaf52b7364fbee76dc8aa707fa3e1cff3342c"
  integrity sha1-p+yvUrc2T77nbciqcH+j4c/zNCw=

esbuild-windows-32@0.13.12:
  version "0.13.12"
  resolved "https://domoreexp.pkgs.visualstudio.com/_packaging/npm-mirror/npm/registry/esbuild-windows-32/-/esbuild-windows-32-0.13.12.tgz#a8756033dc905c4b7bea19be69f7ee68809f8770"
  integrity sha1-qHVgM9yQXEt76hm+affuaICfh3A=

esbuild-windows-64@0.13.12:
  version "0.13.12"
  resolved "https://domoreexp.pkgs.visualstudio.com/_packaging/npm-mirror/npm/registry/esbuild-windows-64/-/esbuild-windows-64-0.13.12.tgz#ae694aa66ca078acb8509b2da31197ed1f40f798"
  integrity sha1-rmlKpmygeKy4UJstoxGX7R9A95g=

esbuild-windows-arm64@0.13.12:
  version "0.13.12"
  resolved "https://domoreexp.pkgs.visualstudio.com/_packaging/npm-mirror/npm/registry/esbuild-windows-arm64/-/esbuild-windows-arm64-0.13.12.tgz#782c5a8bd6d717ea55aaafe648f9926ca36a4a88"
  integrity sha1-eCxai9bXF+pVqq/mSPmSbKNqSog=

esbuild@0.13.12:
  version "0.13.12"
  resolved "https://domoreexp.pkgs.visualstudio.com/_packaging/npm-mirror/npm/registry/esbuild/-/esbuild-0.13.12.tgz#9cac641594bf03cf34145258c093d743ebbde7ca"
  integrity sha1-nKxkFZS/A880FFJYwJPXQ+u958o=
  optionalDependencies:
    esbuild-android-arm64 "0.13.12"
    esbuild-darwin-64 "0.13.12"
    esbuild-darwin-arm64 "0.13.12"
    esbuild-freebsd-64 "0.13.12"
    esbuild-freebsd-arm64 "0.13.12"
    esbuild-linux-32 "0.13.12"
    esbuild-linux-64 "0.13.12"
    esbuild-linux-arm "0.13.12"
    esbuild-linux-arm64 "0.13.12"
    esbuild-linux-mips64le "0.13.12"
    esbuild-linux-ppc64le "0.13.12"
    esbuild-netbsd-64 "0.13.12"
    esbuild-openbsd-64 "0.13.12"
    esbuild-sunos-64 "0.13.12"
    esbuild-windows-32 "0.13.12"
    esbuild-windows-64 "0.13.12"
    esbuild-windows-arm64 "0.13.12"

eslint-scope@^5.1.1:
  version "5.1.1"
  resolved "https://domoreexp.pkgs.visualstudio.com/_packaging/npm-mirror/npm/registry/eslint-scope/-/eslint-scope-5.1.1.tgz#e786e59a66cb92b3f6c1fb0d508aab174848f48c"
  integrity sha1-54blmmbLkrP2wfsNUIqrF0hI9Iw=
  dependencies:
    esrecurse "^4.3.0"
    estraverse "^4.1.1"

eslint-visitor-keys@^3.3.0:
  version "3.4.0"
  resolved "https://domoreexp.pkgs.visualstudio.com/_packaging/npm-mirror/npm/registry/eslint-visitor-keys/-/eslint-visitor-keys-3.4.0.tgz#c7f0f956124ce677047ddbc192a68f999454dedc"
  integrity sha1-x/D5VhJM5ncEfdvBkqaPmZRU3tw=

esrecurse@^4.3.0:
  version "4.3.0"
  resolved "https://domoreexp.pkgs.visualstudio.com/_packaging/npm-mirror/npm/registry/esrecurse/-/esrecurse-4.3.0.tgz#7ad7964d679abb28bee72cec63758b1c5d2c9921"
  integrity sha1-eteWTWeauyi+5yzsY3WLHF0smSE=
  dependencies:
    estraverse "^5.2.0"

estraverse@^4.1.1:
  version "4.3.0"
  resolved "https://domoreexp.pkgs.visualstudio.com/_packaging/npm-mirror/npm/registry/estraverse/-/estraverse-4.3.0.tgz#398ad3f3c5a24948be7725e83d11a7de28cdbd1d"
  integrity sha1-OYrT88WiSUi+dyXoPRGn3ijNvR0=

estraverse@^5.2.0:
  version "5.3.0"
  resolved "https://domoreexp.pkgs.visualstudio.com/_packaging/npm-mirror/npm/registry/estraverse/-/estraverse-5.3.0.tgz#2eea5290702f26ab8fe5370370ff86c965d21123"
  integrity sha1-LupSkHAvJquP5TcDcP+GyWXSESM=

fast-glob@^3.2.9:
  version "3.2.12"
  resolved "https://domoreexp.pkgs.visualstudio.com/_packaging/npm-mirror/npm/registry/fast-glob/-/fast-glob-3.2.12.tgz#7f39ec99c2e6ab030337142da9e0c18f37afae80"
  integrity sha1-fznsmcLmqwMDNxQtqeDBjzevroA=
  dependencies:
    "@nodelib/fs.stat" "^2.0.2"
    "@nodelib/fs.walk" "^1.2.3"
    glob-parent "^5.1.2"
    merge2 "^1.3.0"
    micromatch "^4.0.4"

fastq@^1.6.0:
  version "1.15.0"
  resolved "https://domoreexp.pkgs.visualstudio.com/_packaging/npm-mirror/npm/registry/fastq/-/fastq-1.15.0.tgz#d04d07c6a2a68fe4599fea8d2e103a937fae6b3a"
  integrity sha1-0E0HxqKmj+RZn+qNLhA6k3+uazo=
  dependencies:
    reusify "^1.0.4"

fill-range@^7.0.1:
  version "7.0.1"
  resolved "https://domoreexp.pkgs.visualstudio.com/_packaging/npm-mirror/npm/registry/fill-range/-/fill-range-7.0.1.tgz#1919a6a7c75fe38b2c7c77e5198535da9acdda40"
  integrity sha1-GRmmp8df44ssfHflGYU12prN2kA=
  dependencies:
    to-regex-range "^5.0.1"

glob-parent@^5.1.2:
  version "5.1.2"
  resolved "https://domoreexp.pkgs.visualstudio.com/_packaging/npm-mirror/npm/registry/glob-parent/-/glob-parent-5.1.2.tgz#869832c58034fe68a4093c17dc15e8340d8401c4"
  integrity sha1-hpgyxYA0/mikCTwX3BXoNA2EAcQ=
  dependencies:
    is-glob "^4.0.1"

globby@^11.1.0:
  version "11.1.0"
  resolved "https://domoreexp.pkgs.visualstudio.com/_packaging/npm-mirror/npm/registry/globby/-/globby-11.1.0.tgz#bd4be98bb042f83d796f7e3811991fbe82a0d34b"
  integrity sha1-vUvpi7BC+D15b344EZkfvoKg00s=
  dependencies:
    array-union "^2.1.0"
    dir-glob "^3.0.1"
    fast-glob "^3.2.9"
    ignore "^5.2.0"
    merge2 "^1.4.1"
    slash "^3.0.0"

grapheme-splitter@^1.0.4:
  version "1.0.4"
  resolved "https://domoreexp.pkgs.visualstudio.com/_packaging/npm-mirror/npm/registry/grapheme-splitter/-/grapheme-splitter-1.0.4.tgz#9cf3a665c6247479896834af35cf1dbb4400767e"
  integrity sha1-nPOmZcYkdHmJaDSvNc8du0QAdn4=

ignore@^5.2.0:
  version "5.2.4"
  resolved "https://domoreexp.pkgs.visualstudio.com/_packaging/npm-mirror/npm/registry/ignore/-/ignore-5.2.4.tgz#a291c0c6178ff1b960befe47fcdec301674a6324"
  integrity sha1-opHAxheP8blgvv5H/N7DAWdKYyQ=

is-extglob@^2.1.1:
  version "2.1.1"
  resolved "https://domoreexp.pkgs.visualstudio.com/_packaging/npm-mirror/npm/registry/is-extglob/-/is-extglob-2.1.1.tgz#a88c02535791f02ed37c76a1b9ea9773c833f8c2"
  integrity sha1-qIwCU1eR8C7TfHahueqXc8gz+MI=

is-glob@^4.0.1, is-glob@^4.0.3:
  version "4.0.3"
  resolved "https://domoreexp.pkgs.visualstudio.com/_packaging/npm-mirror/npm/registry/is-glob/-/is-glob-4.0.3.tgz#64f61e42cbbb2eec2071a9dac0b28ba1e65d5084"
  integrity sha1-ZPYeQsu7LuwgcanawLKLoeZdUIQ=
  dependencies:
    is-extglob "^2.1.1"

is-number@^7.0.0:
  version "7.0.0"
  resolved "https://domoreexp.pkgs.visualstudio.com/_packaging/npm-mirror/npm/registry/is-number/-/is-number-7.0.0.tgz#7535345b896734d5f80c4d06c50955527a14f12b"
  integrity sha1-dTU0W4lnNNX4DE0GxQlVUnoU8Ss=

"js-tokens@^3.0.0 || ^4.0.0":
  version "4.0.0"
  resolved "https://domoreexp.pkgs.visualstudio.com/_packaging/npm-mirror/npm/registry/js-tokens/-/js-tokens-4.0.0.tgz#19203fb59991df98e3a287050d4647cdeaf32499"
  integrity sha1-GSA/tZmR35jjoocFDUZHzerzJJk=

loose-envify@^1.1.0:
  version "1.4.0"
  resolved "https://domoreexp.pkgs.visualstudio.com/_packaging/npm-mirror/npm/registry/loose-envify/-/loose-envify-1.4.0.tgz#71ee51fa7be4caec1a63839f7e682d8132d30caf"
  integrity sha1-ce5R+nvkyuwaY4OffmgtgTLTDK8=
  dependencies:
    js-tokens "^3.0.0 || ^4.0.0"

lru-cache@^6.0.0:
  version "6.0.0"
  resolved "https://domoreexp.pkgs.visualstudio.com/_packaging/npm-mirror/npm/registry/lru-cache/-/lru-cache-6.0.0.tgz#6d6fe6570ebd96aaf90fcad1dafa3b2566db3a94"
  integrity sha1-bW/mVw69lqr5D8rR2vo7JWbbOpQ=
  dependencies:
    yallist "^4.0.0"

luxon@^2.3.1:
  version "2.5.2"
  resolved "https://domoreexp.pkgs.visualstudio.com/_packaging/npm-mirror/npm/registry/luxon/-/luxon-2.5.2.tgz#17ed497f0277e72d58a4756d6a9abee4681457b6"
  integrity sha1-F+1JfwJ35y1YpHVtapq+5GgUV7Y=

merge2@^1.3.0, merge2@^1.4.1:
  version "1.4.1"
  resolved "https://domoreexp.pkgs.visualstudio.com/_packaging/npm-mirror/npm/registry/merge2/-/merge2-1.4.1.tgz#4368892f885e907455a6fd7dc55c0c9d404990ae"
  integrity sha1-Q2iJL4hekHRVpv19xVwMnUBJkK4=

micromatch@^4.0.4:
  version "4.0.5"
  resolved "https://domoreexp.pkgs.visualstudio.com/_packaging/npm-mirror/npm/registry/micromatch/-/micromatch-4.0.5.tgz#bc8999a7cbbf77cdc89f132f6e467051b49090c6"
  integrity sha1-vImZp8u/d83InxMvbkZwUbSQkMY=
  dependencies:
    braces "^3.0.2"
    picomatch "^2.3.1"

moment@2.29.1:
  version "2.29.1"
  resolved "https://domoreexp.pkgs.visualstudio.com/_packaging/npm-mirror/npm/registry/moment/-/moment-2.29.1.tgz#b2be769fa31940be9eeea6469c075e35006fa3d3"
  integrity sha1-sr52n6MZQL6e7qZGnAdeNQBvo9M=

ms@2.1.2:
  version "2.1.2"
  resolved "https://domoreexp.pkgs.visualstudio.com/_packaging/npm-mirror/npm/registry/ms/-/ms-2.1.2.tgz#d09d1f357b443f493382a8eb3ccd183872ae6009"
  integrity sha1-0J0fNXtEP0kzgqjrPM0YOHKuYAk=

natural-compare-lite@^1.4.0:
  version "1.4.0"
  resolved "https://domoreexp.pkgs.visualstudio.com/_packaging/npm-mirror/npm/registry/natural-compare-lite/-/natural-compare-lite-1.4.0.tgz#17b09581988979fddafe0201e931ba933c96cbb4"
  integrity sha1-F7CVgZiJef3a/gIB6TG6kzyWy7Q=

obsidian@^0.13.26:
  version "0.13.30"
  resolved "https://domoreexp.pkgs.visualstudio.com/_packaging/npm-mirror/npm/registry/obsidian/-/obsidian-0.13.30.tgz#215697376c5c0059d7661df400440d97224d3f95"
  integrity sha1-IVaXN2xcAFnXZh30AEQNlyJNP5U=
  dependencies:
    "@codemirror/state" "^0.19.6"
    "@codemirror/view" "^0.19.31"
    "@types/codemirror" "0.0.108"
    moment "2.29.1"

path-type@^4.0.0:
  version "4.0.0"
  resolved "https://domoreexp.pkgs.visualstudio.com/_packaging/npm-mirror/npm/registry/path-type/-/path-type-4.0.0.tgz#84ed01c0a7ba380afe09d90a8c180dcd9d03043b"
  integrity sha1-hO0BwKe6OAr+CdkKjBgNzZ0DBDs=

picomatch@^2.3.1:
  version "2.3.1"
  resolved "https://domoreexp.pkgs.visualstudio.com/_packaging/npm-mirror/npm/registry/picomatch/-/picomatch-2.3.1.tgz#3ba3833733646d9d3e4995946c1365a67fb07a42"
  integrity sha1-O6ODNzNkbZ0+SZWUbBNlpn+wekI=

queue-microtask@^1.2.2:
  version "1.2.3"
  resolved "https://domoreexp.pkgs.visualstudio.com/_packaging/npm-mirror/npm/registry/queue-microtask/-/queue-microtask-1.2.3.tgz#4929228bbc724dfac43e0efb058caf7b6cfb6243"
  integrity sha1-SSkii7xyTfrEPg77BYyve2z7YkM=

react-dom@^18.2.0:
  version "18.2.0"
  resolved "https://registry.yarnpkg.com/react-dom/-/react-dom-18.2.0.tgz#22aaf38708db2674ed9ada224ca4aa708d821e3d"
  integrity sha512-6IMTriUmvsjHUjNtEDudZfuDQUoWXVxKHhlEGSk81n4YFS+r/Kl99wXiwlVXtPBtJenozv2P+hxDsw9eA7Xo6g==
  dependencies:
    loose-envify "^1.1.0"
    scheduler "^0.23.0"

react@^18.2.0:
  version "18.2.0"
  resolved "https://registry.yarnpkg.com/react/-/react-18.2.0.tgz#555bd98592883255fa00de14f1151a917b5d77d5"
  integrity sha512-/3IjMdb2L9QbBdWiW5e3P2/npwMBaU9mHCSCUzNln0ZCYbcfTsGbTJrU/kGemdH2IWmB2ioZ+zkxtmq6g09fGQ==
  dependencies:
    loose-envify "^1.1.0"

reusify@^1.0.4:
  version "1.0.4"
  resolved "https://domoreexp.pkgs.visualstudio.com/_packaging/npm-mirror/npm/registry/reusify/-/reusify-1.0.4.tgz#90da382b1e126efc02146e90845a88db12925d76"
  integrity sha1-kNo4Kx4SbvwCFG6QhFqI2xKSXXY=

run-parallel@^1.1.9:
  version "1.2.0"
  resolved "https://domoreexp.pkgs.visualstudio.com/_packaging/npm-mirror/npm/registry/run-parallel/-/run-parallel-1.2.0.tgz#66d1368da7bdf921eb9d95bd1a9229e7f21a43ee"
  integrity sha1-ZtE2jae9+SHrnZW9GpIp5/IaQ+4=
  dependencies:
    queue-microtask "^1.2.2"

scheduler@^0.23.0:
  version "0.23.0"
  resolved "https://domoreexp.pkgs.visualstudio.com/_packaging/npm-mirror/npm/registry/scheduler/-/scheduler-0.23.0.tgz#ba8041afc3d30eb206a487b6b384002e4e61fdfe"
  integrity sha1-uoBBr8PTDrIGpIe2s4QALk5h/f4=
  dependencies:
    loose-envify "^1.1.0"

semver@^7.3.7:
  version "7.5.0"
  resolved "https://domoreexp.pkgs.visualstudio.com/_packaging/npm-mirror/npm/registry/semver/-/semver-7.5.0.tgz#ed8c5dc8efb6c629c88b23d41dc9bf40c1d96cd0"
  integrity sha1-7YxdyO+2xinIiyPUHcm/QMHZbNA=
  dependencies:
    lru-cache "^6.0.0"

slash@^3.0.0:
  version "3.0.0"
  resolved "https://domoreexp.pkgs.visualstudio.com/_packaging/npm-mirror/npm/registry/slash/-/slash-3.0.0.tgz#6539be870c165adbd5240220dbe361f1bc4d4634"
  integrity sha1-ZTm+hwwWWtvVJAIg2+Nh8bxNRjQ=

style-mod@^4.0.0:
  version "4.0.3"
  resolved "https://domoreexp.pkgs.visualstudio.com/_packaging/npm-mirror/npm/registry/style-mod/-/style-mod-4.0.3.tgz#136c4abc905f82a866a18b39df4dc08ec762b1ad"
  integrity sha1-E2xKvJBfgqhmoYs5303Ajsdisa0=

to-regex-range@^5.0.1:
  version "5.0.1"
  resolved "https://domoreexp.pkgs.visualstudio.com/_packaging/npm-mirror/npm/registry/to-regex-range/-/to-regex-range-5.0.1.tgz#1648c44aae7c8d988a326018ed72f5b4dd0392e4"
  integrity sha1-FkjESq58jZiKMmAY7XL1tN0DkuQ=
  dependencies:
    is-number "^7.0.0"

tslib@2.3.1:
  version "2.3.1"
  resolved "https://domoreexp.pkgs.visualstudio.com/_packaging/npm-mirror/npm/registry/tslib/-/tslib-2.3.1.tgz#e8a335add5ceae51aa261d32a490158ef042ef01"
  integrity sha1-6KM1rdXOrlGqJh0ypJAVjvBC7wE=

tslib@^1.8.1:
  version "1.14.1"
  resolved "https://domoreexp.pkgs.visualstudio.com/_packaging/npm-mirror/npm/registry/tslib/-/tslib-1.14.1.tgz#cf2d38bdc34a134bcaf1091c41f6619e2f672d00"
  integrity sha1-zy04vcNKE0vK8QkcQfZhni9nLQA=

tsutils@^3.21.0:
  version "3.21.0"
  resolved "https://domoreexp.pkgs.visualstudio.com/_packaging/npm-mirror/npm/registry/tsutils/-/tsutils-3.21.0.tgz#b48717d394cea6c1e096983eed58e9d61715b623"
  integrity sha1-tIcX05TOpsHglpg+7Vjp1hcVtiM=
  dependencies:
    tslib "^1.8.1"

typescript@4.4.4:
  version "4.4.4"
  resolved "https://domoreexp.pkgs.visualstudio.com/_packaging/npm-mirror/npm/registry/typescript/-/typescript-4.4.4.tgz#2cd01a1a1f160704d3101fd5a58ff0f9fcb8030c"
  integrity sha1-LNAaGh8WBwTTEB/VpY/w+fy4Aww=

w3c-keyname@^2.2.4:
  version "2.2.6"
  resolved "https://domoreexp.pkgs.visualstudio.com/_packaging/npm-mirror/npm/registry/w3c-keyname/-/w3c-keyname-2.2.6.tgz#8412046116bc16c5d73d4e612053ea10a189c85f"
  integrity sha1-hBIEYRa8FsXXPU5hIFPqEKGJyF8=

yallist@^4.0.0:
  version "4.0.0"
  resolved "https://domoreexp.pkgs.visualstudio.com/_packaging/npm-mirror/npm/registry/yallist/-/yallist-4.0.0.tgz#9bb92790d9c0effec63be73519e11a35019a3a72"
  integrity sha1-m7knkNnA7/7GO+c1GeEaNQGaOnI=
